{
  "originHash" : "4452cf66e15f56058f6ed636d30103da7770b96f93ff564b5a0e5ab613ab8c24",
  "pins" : [
    {
      "identity" : "accuterra-sdk-distribution",
      "kind" : "remoteSourceControl",
      "location" : "https://github.com/neotreks/accuterra-sdk-distribution",
      "state" : {
        "revision" : "b6e0c54ba37138f810c67ddb90efd85e97644c87",
        "version" : "0.30.2"
      }
    },
    {
      "identity" : "alignedcollectionviewflowlayout",
      "kind" : "remoteSourceControl",
      "location" : "https://github.com/mischa-hildebrand/AlignedCollectionViewFlowLayout",
      "state" : {
        "revision" : "236094ac389234d528cc782c140bcb20724b86bf",
        "version" : "1.1.3"
      }
    },
    {
      "identity" : "kingfisher",
      "kind" : "remoteSourceControl",
      "location" : "https://github.com/onevcat/Kingfisher.git",
      "state" : {
        "revision" : "dd3c422ec3088404d6f7e8c905a8318b3de12d6f",
        "version" : "8.6.0"
      }
    },
    {
      "identity" : "maplibre-ios-distribution",
      "kind" : "remoteSourceControl",
      "location" : "https://github.com/neotreks/maplibre-ios-distribution",
      "state" : {
        "revision" : "3fe41eb3c552208d0f5e38cfce07eec2553f9b07",
        "version" : "6.18.2"
      }
    },
    {
      "identity" : "reachabilityswift",
      "kind" : "remoteSourceControl",
      "location" : "https://github.com/neotreks/ReachabilitySwift",
      "state" : {
        "revision" : "54adc49e682219a739919f772f014301d86fc039",
        "version" : "5.2.4"
      }
    },
    {
      "identity" : "turf-swift",
      "kind" : "remoteSourceControl",
      "location" : "https://github.com/mapbox/turf-swift",
      "state" : {
        "revision" : "bf840e6b9529d105687840fe2c9dcd74197d46d1",
        "version" : "4.0.0"
      }
    }
  ],
  "version" : 3
}
